
Microsoft Visual Studio Solution File, Format Version 12.00
# Visual Studio Version 17
VisualStudioVersion = 17.7.34031.279
MinimumVisualStudioVersion = 10.0.40219.1
Project("{2150E333-8FDC-42A3-9474-1A3956D46DE8}") = "src", "src", "{39F4209C-7E1F-472A-97E5-26624043422F}"
EndProject
Project("{2150E333-8FDC-42A3-9474-1A3956D46DE8}") = ".scratch", ".scratch", "{449B3104-C017-42C9-A5FF-2DD434284CB7}"
EndProject
Project("{9A19103F-16F7-4668-BE54-9A1E7A4F7556}") = "OBID.Scratch", ".scratch\OBID.Scratch\OBID.Scratch.csproj", "{B6C94590-4008-4C67-8F2A-38B89940DF43}"
EndProject
Project("{9A19103F-16F7-4668-BE54-9A1E7A4F7556}") = "ElectroCom.RFIDTools.UI", "src\ElectroCom.RFIDTools.UI\ElectroCom.RFIDTools.UI.csproj", "{E55F02AA-F482-48A3-A943-C00C4B3F5895}"
EndProject
Global
	GlobalSection(SolutionConfigurationPlatforms) = preSolution
		Debug|Any CPU = Debug|Any CPU
		Release|Any CPU = Release|Any CPU
	EndGlobalSection
	GlobalSection(ProjectConfigurationPlatforms) = postSolution
		{B6C94590-4008-4C67-8F2A-38B89940DF43}.Debug|Any CPU.ActiveCfg = Debug|Any CPU
		{B6C94590-4008-4C67-8F2A-38B89940DF43}.Debug|Any CPU.Build.0 = Debug|Any CPU
		{B6C94590-4008-4C67-8F2A-38B89940DF43}.Release|Any CPU.ActiveCfg = Release|Any CPU
		{B6C94590-4008-4C67-8F2A-38B89940DF43}.Release|Any CPU.Build.0 = Release|Any CPU
		{E55F02AA-F482-48A3-A943-C00C4B3F5895}.Debug|Any CPU.ActiveCfg = Debug|Any CPU
		{E55F02AA-F482-48A3-A943-C00C4B3F5895}.Debug|Any CPU.Build.0 = Debug|Any CPU
		{E55F02AA-F482-48A3-A943-C00C4B3F5895}.Release|Any CPU.ActiveCfg = Release|Any CPU
		{E55F02AA-F482-48A3-A943-C00C4B3F5895}.Release|Any CPU.Build.0 = Release|Any CPU
	EndGlobalSection
	GlobalSection(SolutionProperties) = preSolution
		HideSolutionNode = FALSE
	EndGlobalSection
	GlobalSection(NestedProjects) = preSolution
		{B6C94590-4008-4C67-8F2A-38B89940DF43} = {449B3104-C017-42C9-A5FF-2DD434284CB7}
		{E55F02AA-F482-48A3-A943-C00C4B3F5895} = {39F4209C-7E1F-472A-97E5-26624043422F}
	EndGlobalSection
	GlobalSection(ExtensibilityGlobals) = postSolution
		SolutionGuid = {FF5794C1-ED4A-4449-8BD8-BCE56E318818}
	EndGlobalSection
EndGlobal
